
Microsoft Visual Studio Solution File, Format Version 12.00
Project("{FAE04EC0-301F-11D3-BF4B-00C04F79EFBC}") = "ContactManager", "ContactManager\ContactManager.csproj", "{AA01876D-E6D7-4EA9-A64F-2F47C6A8BBFC}"
EndProject
Global
	GlobalSection(SolutionConfigurationPlatforms) = preSolution
		Debug|Any CPU = Debug|Any CPU
		Release|Any CPU = Release|Any CPU
	EndGlobalSection
	GlobalSection(ProjectConfigurationPlatforms) = postSolution
		{AA01876D-E6D7-4EA9-A64F-2F47C6A8BBFC}.Debug|Any CPU.ActiveCfg = Debug|Any CPU
		{AA01876D-E6D7-4EA9-A64F-2F47C6A8BBFC}.Debug|Any CPU.Build.0 = Debug|Any CPU
		{AA01876D-E6D7-4EA9-A64F-2F47C6A8BBFC}.Release|Any CPU.ActiveCfg = Release|Any CPU
		{AA01876D-E6D7-4EA9-A64F-2F47C6A8BBFC}.Release|Any CPU.Build.0 = Release|Any CPU
	EndGlobalSection
EndGlobal
